
Microsoft Visual Studio Solution File, Format Version 12.00
# Visual Studio 15
VisualStudioVersion = 15.0.28010.2046
MinimumVisualStudioVersion = 10.0.40219.1
Project("{FAE04EC0-301F-11D3-BF4B-00C04F79EFBC}") = "Xamarin_04_01.Android", "Xamarin_04_01\Xamarin_04_01.Android\Xamarin_04_01.Android.csproj", "{0297AFBE-D2ED-49EA-8E38-7245FB2F4205}"
EndProject
Project("{FAE04EC0-301F-11D3-BF4B-00C04F79EFBC}") = "Xamarin_04_01", "Xamarin_04_01\Xamarin_04_01\Xamarin_04_01.csproj", "{0CAF23D0-660B-4779-BD02-5FA4D7D5FAF1}"
EndProject
Global
	GlobalSection(SolutionConfigurationPlatforms) = preSolution
		Debug|Any CPU = Debug|Any CPU
		Release|Any CPU = Release|Any CPU
	EndGlobalSection
	GlobalSection(ProjectConfigurationPlatforms) = postSolution
		{0297AFBE-D2ED-49EA-8E38-7245FB2F4205}.Debug|Any CPU.ActiveCfg = Debug|Any CPU
		{0297AFBE-D2ED-49EA-8E38-7245FB2F4205}.Debug|Any CPU.Build.0 = Debug|Any CPU
		{0297AFBE-D2ED-49EA-8E38-7245FB2F4205}.Debug|Any CPU.Deploy.0 = Debug|Any CPU
		{0297AFBE-D2ED-49EA-8E38-7245FB2F4205}.Release|Any CPU.ActiveCfg = Release|Any CPU
		{0297AFBE-D2ED-49EA-8E38-7245FB2F4205}.Release|Any CPU.Build.0 = Release|Any CPU
		{0297AFBE-D2ED-49EA-8E38-7245FB2F4205}.Release|Any CPU.Deploy.0 = Release|Any CPU
		{0CAF23D0-660B-4779-BD02-5FA4D7D5FAF1}.Debug|Any CPU.ActiveCfg = Debug|Any CPU
		{0CAF23D0-660B-4779-BD02-5FA4D7D5FAF1}.Debug|Any CPU.Build.0 = Debug|Any CPU
		{0CAF23D0-660B-4779-BD02-5FA4D7D5FAF1}.Debug|Any CPU.Deploy.0 = Debug|Any CPU
		{0CAF23D0-660B-4779-BD02-5FA4D7D5FAF1}.Release|Any CPU.ActiveCfg = Release|Any CPU
		{0CAF23D0-660B-4779-BD02-5FA4D7D5FAF1}.Release|Any CPU.Build.0 = Release|Any CPU
		{0CAF23D0-660B-4779-BD02-5FA4D7D5FAF1}.Release|Any CPU.Deploy.0 = Release|Any CPU
	EndGlobalSection
	GlobalSection(SolutionProperties) = preSolution
		HideSolutionNode = FALSE
	EndGlobalSection
	GlobalSection(ExtensibilityGlobals) = postSolution
		SolutionGuid = {3B7B7B6C-36BF-448C-85CB-61D39F0497C4}
	EndGlobalSection
EndGlobal
